// !$*UTF8*$!
{
	archiveVersion = 1;
	classes = {
	};
	objectVersion = 50;
	objects = {

/* Begin PBXBuildFile section */
		420229C62233B64400043999 /* PangaeaClient.framework in Frameworks */ = {isa = PBXBuildFile; fileRef = 420229BC2233B64400043999 /* PangaeaClient.framework */; };
		420229CB2233B64400043999 /* PangaeaClientTests.swift in Sources */ = {isa = PBXBuildFile; fileRef = 420229CA2233B64400043999 /* PangaeaClientTests.swift */; };
		420229CD2233B64400043999 /* PangaeaClient.h in Headers */ = {isa = PBXBuildFile; fileRef = 420229BF2233B64400043999 /* PangaeaClient.h */; settings = {ATTRIBUTES = (Public, ); }; };
		420229E92233B6FD00043999 /* ExampleDataset.swift in Sources */ = {isa = PBXBuildFile; fileRef = 420229E32233B6FD00043999 /* ExampleDataset.swift */; };
		420229EB2233B6FD00043999 /* ExampleLinkedFiles.swift in Sources */ = {isa = PBXBuildFile; fileRef = 420229E52233B6FD00043999 /* ExampleLinkedFiles.swift */; };
		420229ED2233B6FD00043999 /* ExampleLoginRequired.swift in Sources */ = {isa = PBXBuildFile; fileRef = 420229E72233B6FD00043999 /* ExampleLoginRequired.swift */; };
		420229EE2233B6FD00043999 /* ExampleParent.swift in Sources */ = {isa = PBXBuildFile; fileRef = 420229E82233B6FD00043999 /* ExampleParent.swift */; };
		420229F02233B71500043999 /* PangaeaClient.swift in Sources */ = {isa = PBXBuildFile; fileRef = 420229EF2233B71500043999 /* PangaeaClient.swift */; };
		42022A3D2233BCC500043999 /* PangaeaDefaults.swift in Sources */ = {isa = PBXBuildFile; fileRef = 42022A3C2233BCC500043999 /* PangaeaDefaults.swift */; };
		42022A402233BE8400043999 /* PMEvent.swift in Sources */ = {isa = PBXBuildFile; fileRef = 420229D72233B65900043999 /* PMEvent.swift */; };
		42022A412233BE8400043999 /* PMLicense.swift in Sources */ = {isa = PBXBuildFile; fileRef = 420229D82233B65900043999 /* PMLicense.swift */; };
		42022A422233BE8400043999 /* PMProject.swift in Sources */ = {isa = PBXBuildFile; fileRef = 420229D92233B65900043999 /* PMProject.swift */; };
		42022A432233BE8400043999 /* PMCitation.swift in Sources */ = {isa = PBXBuildFile; fileRef = 420229DA2233B65900043999 /* PMCitation.swift */; };
		42022A442233BE8400043999 /* PMKeywords.swift in Sources */ = {isa = PBXBuildFile; fileRef = 420229DB2233B65900043999 /* PMKeywords.swift */; };
		42022A452233BE8400043999 /* PangaeaData.swift in Sources */ = {isa = PBXBuildFile; fileRef = 420229DC2233B65900043999 /* PangaeaData.swift */; };
		42022A462233BE8400043999 /* PMMatrixColumn.swift in Sources */ = {isa = PBXBuildFile; fileRef = 420229DD2233B65900043999 /* PMMatrixColumn.swift */; };
		42022A472233BE8400043999 /* PMExtent.swift in Sources */ = {isa = PBXBuildFile; fileRef = 420229DE2233B65900043999 /* PMExtent.swift */; };
		42022A482233BE8400043999 /* PangaeaBaseURL.swift in Sources */ = {isa = PBXBuildFile; fileRef = 420229DF2233B65900043999 /* PangaeaBaseURL.swift */; };
		42022A492233BE8400043999 /* PMTechnicalInfo.swift in Sources */ = {isa = PBXBuildFile; fileRef = 420229E02233B65900043999 /* PMTechnicalInfo.swift */; };
		42022A4B2233BF7C00043999 /* PangaeaError.swift in Sources */ = {isa = PBXBuildFile; fileRef = 42022A4A2233BF7C00043999 /* PangaeaError.swift */; };
		421FA478223FDD6200AB713D /* VendorLicenses.swift in Sources */ = {isa = PBXBuildFile; fileRef = 421FA477223FDD6200AB713D /* VendorLicenses.swift */; };
		422DE9342242884700AD3B07 /* ZStandard.swift in Sources */ = {isa = PBXBuildFile; fileRef = 422DE9332242884700AD3B07 /* ZStandard.swift */; };
		4273FD6E223F882A003B6AE3 /* PangaeaCache.swift in Sources */ = {isa = PBXBuildFile; fileRef = 4273FD63223F882A003B6AE3 /* PangaeaCache.swift */; };
		4279A08A2243E2B50015CB96 /* libXMLCoder.a in Frameworks */ = {isa = PBXBuildFile; fileRef = 42D756D422438F6E00A37BEE /* libXMLCoder.a */; };
		429ED41322422E6400BF28EB /* README.md in Resources */ = {isa = PBXBuildFile; fileRef = 429ED40722422C2400BF28EB /* README.md */; };
		429ED41522422E6A00BF28EB /* LICENSE.md in Resources */ = {isa = PBXBuildFile; fileRef = 421FA479223FDFB000AB713D /* LICENSE.md */; };
		42D7561F2243856C00A37BEE /* CommandLine.swift in Sources */ = {isa = PBXBuildFile; fileRef = 42D7560E2243856500A37BEE /* CommandLine.swift */; };
		42D756202243856C00A37BEE /* Option.swift in Sources */ = {isa = PBXBuildFile; fileRef = 42D7560F2243856500A37BEE /* Option.swift */; };
		42D756212243856C00A37BEE /* StringExtensions.swift in Sources */ = {isa = PBXBuildFile; fileRef = 42D756102243856500A37BEE /* StringExtensions.swift */; };
		42D756232243863300A37BEE /* Utilities.swift in Sources */ = {isa = PBXBuildFile; fileRef = 42D756222243863300A37BEE /* Utilities.swift */; };
		42D75634224386B000A37BEE /* libRainbow.a in Frameworks */ = {isa = PBXBuildFile; fileRef = 42D7562F2243867600A37BEE /* libRainbow.a */; };
		42D75637224387C700A37BEE /* CommandLineProcessing.swift in Sources */ = {isa = PBXBuildFile; fileRef = 42D75636224387C700A37BEE /* CommandLineProcessing.swift */; };
		42D75639224388BF00A37BEE /* licenses.swift in Sources */ = {isa = PBXBuildFile; fileRef = 42D75638224388BF00A37BEE /* licenses.swift */; };
		42D756FF224393C700A37BEE /* NSURLSession+Promise.swift in Sources */ = {isa = PBXBuildFile; fileRef = 42D756FE224393C700A37BEE /* NSURLSession+Promise.swift */; };
		42D757362243A05200A37BEE /* NSURLSession+Promise.swift in Sources */ = {isa = PBXBuildFile; fileRef = 42D756FE224393C700A37BEE /* NSURLSession+Promise.swift */; };
		42D757372243A05200A37BEE /* PangaeaData.swift in Sources */ = {isa = PBXBuildFile; fileRef = 420229DC2233B65900043999 /* PangaeaData.swift */; };
		42D757382243A05200A37BEE /* PMEvent.swift in Sources */ = {isa = PBXBuildFile; fileRef = 420229D72233B65900043999 /* PMEvent.swift */; };
		42D757392243A05200A37BEE /* PMLicense.swift in Sources */ = {isa = PBXBuildFile; fileRef = 420229D82233B65900043999 /* PMLicense.swift */; };
		42D7573A2243A05200A37BEE /* PMProject.swift in Sources */ = {isa = PBXBuildFile; fileRef = 420229D92233B65900043999 /* PMProject.swift */; };
		42D7573B2243A05200A37BEE /* PMCitation.swift in Sources */ = {isa = PBXBuildFile; fileRef = 420229DA2233B65900043999 /* PMCitation.swift */; };
		42D7573C2243A05200A37BEE /* PMKeywords.swift in Sources */ = {isa = PBXBuildFile; fileRef = 420229DB2233B65900043999 /* PMKeywords.swift */; };
		42D7573D2243A05200A37BEE /* PMMatrixColumn.swift in Sources */ = {isa = PBXBuildFile; fileRef = 420229DD2233B65900043999 /* PMMatrixColumn.swift */; };
		42D7573E2243A05200A37BEE /* PMExtent.swift in Sources */ = {isa = PBXBuildFile; fileRef = 420229DE2233B65900043999 /* PMExtent.swift */; };
		42D7573F2243A05200A37BEE /* PangaeaBaseURL.swift in Sources */ = {isa = PBXBuildFile; fileRef = 420229DF2233B65900043999 /* PangaeaBaseURL.swift */; };
		42D757402243A05200A37BEE /* PMTechnicalInfo.swift in Sources */ = {isa = PBXBuildFile; fileRef = 420229E02233B65900043999 /* PMTechnicalInfo.swift */; };
		42D757412243A05200A37BEE /* PangaeaError.swift in Sources */ = {isa = PBXBuildFile; fileRef = 42022A4A2233BF7C00043999 /* PangaeaError.swift */; };
		42D757422243A05200A37BEE /* PangaeaCache.swift in Sources */ = {isa = PBXBuildFile; fileRef = 4273FD63223F882A003B6AE3 /* PangaeaCache.swift */; };
		42D757432243A05200A37BEE /* ZStandard.swift in Sources */ = {isa = PBXBuildFile; fileRef = 422DE9332242884700AD3B07 /* ZStandard.swift */; };
		42D757442243A05200A37BEE /* VendorLicenses.swift in Sources */ = {isa = PBXBuildFile; fileRef = 421FA477223FDD6200AB713D /* VendorLicenses.swift */; };
		42D757452243A05200A37BEE /* PangaeaClient.swift in Sources */ = {isa = PBXBuildFile; fileRef = 420229EF2233B71500043999 /* PangaeaClient.swift */; };
		42D757462243A05200A37BEE /* PangaeaDefaults.swift in Sources */ = {isa = PBXBuildFile; fileRef = 42022A3C2233BCC500043999 /* PangaeaDefaults.swift */; };
		42D7574F2243A07E00A37BEE /* libCache.a in Frameworks */ = {isa = PBXBuildFile; fileRef = 42D7572C224398A800A37BEE /* libCache.a */; };
		42D757502243A07E00A37BEE /* libPromiseKit.a in Frameworks */ = {isa = PBXBuildFile; fileRef = 42D756F22243917500A37BEE /* libPromiseKit.a */; };
		42D757522243A07E00A37BEE /* libZstandard.a in Frameworks */ = {isa = PBXBuildFile; fileRef = 42D7567C22438E6300A37BEE /* libZstandard.a */; };
		42D757552243A09300A37BEE /* libPangaeaClientStatic.a in Frameworks */ = {isa = PBXBuildFile; fileRef = 42D757322243A02A00A37BEE /* libPangaeaClientStatic.a */; };
		42D757692243CA7B00A37BEE /* Cache.framework in Frameworks */ = {isa = PBXBuildFile; fileRef = 420229F72233B72E00043999 /* Cache.framework */; };
		42D7576B2243CA7B00A37BEE /* PromiseKit.framework in Frameworks */ = {isa = PBXBuildFile; fileRef = 42022A182233B73C00043999 /* PromiseKit.framework */; };
		42D7576C2243CA7B00A37BEE /* XMLCoder.framework in Frameworks */ = {isa = PBXBuildFile; fileRef = 42022A2B2233B74300043999 /* XMLCoder.framework */; };
		42D7576D2243CA7B00A37BEE /* Zstandard.framework in Frameworks */ = {isa = PBXBuildFile; fileRef = 422DE92E2242883700AD3B07 /* Zstandard.framework */; };
		42D7576E2243CA8F00A37BEE /* Zstandard.framework in CopyFiles */ = {isa = PBXBuildFile; fileRef = 422DE92E2242883700AD3B07 /* Zstandard.framework */; settings = {ATTRIBUTES = (CodeSignOnCopy, RemoveHeadersOnCopy, ); }; };
		42D7576F2243CA9000A37BEE /* XMLCoder.framework in CopyFiles */ = {isa = PBXBuildFile; fileRef = 42022A2B2233B74300043999 /* XMLCoder.framework */; settings = {ATTRIBUTES = (CodeSignOnCopy, RemoveHeadersOnCopy, ); }; };
		42D757702243CA9000A37BEE /* PromiseKit.framework in CopyFiles */ = {isa = PBXBuildFile; fileRef = 42022A182233B73C00043999 /* PromiseKit.framework */; settings = {ATTRIBUTES = (CodeSignOnCopy, RemoveHeadersOnCopy, ); }; };
		42D757722243CA9000A37BEE /* Cache.framework in CopyFiles */ = {isa = PBXBuildFile; fileRef = 420229F72233B72E00043999 /* Cache.framework */; settings = {ATTRIBUTES = (CodeSignOnCopy, RemoveHeadersOnCopy, ); }; };
		42E6C5F2223550FF00F0AF2B /* main.swift in Sources */ = {isa = PBXBuildFile; fileRef = 42E6C5F1223550FF00F0AF2B /* main.swift */; };
/* End PBXBuildFile section */

/* Begin PBXContainerItemProxy section */
		420229C72233B64400043999 /* PBXContainerItemProxy */ = {
			isa = PBXContainerItemProxy;
			containerPortal = 420229B32233B64300043999 /* Project object */;
			proxyType = 1;
			remoteGlobalIDString = 420229BB2233B64400043999;
			remoteInfo = PangaeaClient;
		};
		420229F62233B72E00043999 /* PBXContainerItemProxy */ = {
			isa = PBXContainerItemProxy;
			containerPortal = 420229F12233B72E00043999 /* Cache.xcodeproj */;
			proxyType = 2;
			remoteGlobalIDString = D5291D601C283B5300B702C9;
			remoteInfo = "Cache-Mac";
		};
		420229F82233B72E00043999 /* PBXContainerItemProxy */ = {
			isa = PBXContainerItemProxy;
			containerPortal = 420229F12233B72E00043999 /* Cache.xcodeproj */;
			proxyType = 2;
			remoteGlobalIDString = D5291D691C283B5400B702C9;
			remoteInfo = "Cache-Mac-Tests";
		};
		42022A172233B73C00043999 /* PBXContainerItemProxy */ = {
			isa = PBXContainerItemProxy;
			containerPortal = 420229FA2233B73800043999 /* PromiseKit.xcodeproj */;
			proxyType = 2;
			remoteGlobalIDString = 63B0AC571D595E1B00FA21D9;
			remoteInfo = PromiseKit;
		};
		42022A192233B73C00043999 /* PBXContainerItemProxy */ = {
			isa = PBXContainerItemProxy;
			containerPortal = 420229FA2233B73800043999 /* PromiseKit.xcodeproj */;
			proxyType = 2;
			remoteGlobalIDString = 631751A81D59766500A9DDDC;
			remoteInfo = "PMKA+Tests";
		};
		42022A1B2233B73C00043999 /* PBXContainerItemProxy */ = {
			isa = PBXContainerItemProxy;
			containerPortal = 420229FA2233B73800043999 /* PromiseKit.xcodeproj */;
			proxyType = 2;
			remoteGlobalIDString = 6314113C1D59795700E24B9E;
			remoteInfo = PMKBridgeTests;
		};
		42022A1D2233B73C00043999 /* PBXContainerItemProxy */ = {
			isa = PBXContainerItemProxy;
			containerPortal = 420229FA2233B73800043999 /* PromiseKit.xcodeproj */;
			proxyType = 2;
			remoteGlobalIDString = 630019221D596292003B4E30;
			remoteInfo = PMKCoreTests;
		};
		42022A1F2233B73C00043999 /* PBXContainerItemProxy */ = {
			isa = PBXContainerItemProxy;
			containerPortal = 420229FA2233B73800043999 /* PromiseKit.xcodeproj */;
			proxyType = 2;
			remoteGlobalIDString = 633027EA203CC0060037E136;
			remoteInfo = PMKDeprecatedTests;
		};
		42022A212233B73C00043999 /* PBXContainerItemProxy */ = {
			isa = PBXContainerItemProxy;
			containerPortal = 420229FA2233B73800043999 /* PromiseKit.xcodeproj */;
			proxyType = 2;
			remoteGlobalIDString = C0244E622047A6CB00ACB4AC;
			remoteInfo = "PMKJSA+Tests";
		};
		42022A2A2233B74300043999 /* PBXContainerItemProxy */ = {
			isa = PBXContainerItemProxy;
			containerPortal = 42022A232233B74300043999 /* XMLCoder.xcodeproj */;
			proxyType = 2;
			remoteGlobalIDString = "XMLCoder::XMLCoder::Product";
			remoteInfo = XMLCoder;
		};
		42022A2C2233B74300043999 /* PBXContainerItemProxy */ = {
			isa = PBXContainerItemProxy;
			containerPortal = 42022A232233B74300043999 /* XMLCoder.xcodeproj */;
			proxyType = 2;
			remoteGlobalIDString = "XMLCoder::XMLCoderTests::Product";
			remoteInfo = XMLCoderTests;
		};
		422DE92D2242883700AD3B07 /* PBXContainerItemProxy */ = {
			isa = PBXContainerItemProxy;
			containerPortal = 422DE91D2242883600AD3B07 /* Zstandard.xcodeproj */;
			proxyType = 2;
			remoteGlobalIDString = 42B5953D1D7ED3A700F076B2;
			remoteInfo = Zstandard;
		};
		422DE92F2242883700AD3B07 /* PBXContainerItemProxy */ = {
			isa = PBXContainerItemProxy;
			containerPortal = 422DE91D2242883600AD3B07 /* Zstandard.xcodeproj */;
			proxyType = 2;
			remoteGlobalIDString = 42B595461D7ED3A700F076B2;
			remoteInfo = ZstandardTests;
		};
		4279A0882243E2AE0015CB96 /* PBXContainerItemProxy */ = {
			isa = PBXContainerItemProxy;
			containerPortal = 42022A232233B74300043999 /* XMLCoder.xcodeproj */;
			proxyType = 1;
			remoteGlobalIDString = 42D756A622438F2600A37BEE;
			remoteInfo = "XMLCoder-static";
		};
		42D7562A2243867600A37BEE /* PBXContainerItemProxy */ = {
			isa = PBXContainerItemProxy;
			containerPortal = 42D756242243867500A37BEE /* Rainbow.xcodeproj */;
			proxyType = 2;
			remoteGlobalIDString = 4BC821761C29254C00F68E70;
			remoteInfo = "Rainbow(OSX)";
		};
		42D7562C2243867600A37BEE /* PBXContainerItemProxy */ = {
			isa = PBXContainerItemProxy;
			containerPortal = 42D756242243867500A37BEE /* Rainbow.xcodeproj */;
			proxyType = 2;
			remoteGlobalIDString = 4BC821801C29254C00F68E70;
			remoteInfo = RainbowTests;
		};
		42D7562E2243867600A37BEE /* PBXContainerItemProxy */ = {
			isa = PBXContainerItemProxy;
			containerPortal = 42D756242243867500A37BEE /* Rainbow.xcodeproj */;
			proxyType = 2;
			remoteGlobalIDString = 420ECF3C20B7F0E8000F70AC;
			remoteInfo = "Rainbow-static";
		};
		42D756322243869F00A37BEE /* PBXContainerItemProxy */ = {
			isa = PBXContainerItemProxy;
			containerPortal = 42D756242243867500A37BEE /* Rainbow.xcodeproj */;
			proxyType = 1;
			remoteGlobalIDString = 420ECF3B20B7F0E8000F70AC;
			remoteInfo = "Rainbow-static";
		};
		42D7567B22438E6300A37BEE /* PBXContainerItemProxy */ = {
			isa = PBXContainerItemProxy;
			containerPortal = 422DE91D2242883600AD3B07 /* Zstandard.xcodeproj */;
			proxyType = 2;
			remoteGlobalIDString = 42D7563E22438DF600A37BEE;
			remoteInfo = "Zstandard-static";
		};
		42D756D322438F6E00A37BEE /* PBXContainerItemProxy */ = {
			isa = PBXContainerItemProxy;
			containerPortal = 42022A232233B74300043999 /* XMLCoder.xcodeproj */;
			proxyType = 2;
			remoteGlobalIDString = 42D756A722438F2600A37BEE;
			remoteInfo = "XMLCoder-static";
		};
		42D756F12243917500A37BEE /* PBXContainerItemProxy */ = {
			isa = PBXContainerItemProxy;
			containerPortal = 420229FA2233B73800043999 /* PromiseKit.xcodeproj */;
			proxyType = 2;
			remoteGlobalIDString = 42D756DA2243913C00A37BEE;
			remoteInfo = "PromiseKit-static";
		};
		42D7572B224398A800A37BEE /* PBXContainerItemProxy */ = {
			isa = PBXContainerItemProxy;
			containerPortal = 420229F12233B72E00043999 /* Cache.xcodeproj */;
			proxyType = 2;
			remoteGlobalIDString = 42D7570C2243984800A37BEE;
			remoteInfo = "Cache-static";
		};
		42D757472243A07500A37BEE /* PBXContainerItemProxy */ = {
			isa = PBXContainerItemProxy;
			containerPortal = 422DE91D2242883600AD3B07 /* Zstandard.xcodeproj */;
			proxyType = 1;
			remoteGlobalIDString = 42D7568122438EBA00A37BEE;
			remoteInfo = "Zstandard-static";
		};
		42D7574B2243A07500A37BEE /* PBXContainerItemProxy */ = {
			isa = PBXContainerItemProxy;
			containerPortal = 420229FA2233B73800043999 /* PromiseKit.xcodeproj */;
			proxyType = 1;
			remoteGlobalIDString = 42D756D92243913C00A37BEE;
			remoteInfo = "PromiseKit-static";
		};
		42D7574D2243A07500A37BEE /* PBXContainerItemProxy */ = {
			isa = PBXContainerItemProxy;
			containerPortal = 420229F12233B72E00043999 /* Cache.xcodeproj */;
			proxyType = 1;
			remoteGlobalIDString = 42D7570B2243984800A37BEE;
			remoteInfo = "Cache-static";
		};
		42D7575F2243CA6A00A37BEE /* PBXContainerItemProxy */ = {
			isa = PBXContainerItemProxy;
			containerPortal = 422DE91D2242883600AD3B07 /* Zstandard.xcodeproj */;
			proxyType = 1;
			remoteGlobalIDString = 42B5953C1D7ED3A700F076B2;
			remoteInfo = Zstandard;
		};
		42D757612243CA6A00A37BEE /* PBXContainerItemProxy */ = {
			isa = PBXContainerItemProxy;
			containerPortal = 42022A232233B74300043999 /* XMLCoder.xcodeproj */;
			proxyType = 1;
			remoteGlobalIDString = "XMLCoder::XMLCoder";
			remoteInfo = XMLCoder;
		};
		42D757632243CA6A00A37BEE /* PBXContainerItemProxy */ = {
			isa = PBXContainerItemProxy;
			containerPortal = 420229FA2233B73800043999 /* PromiseKit.xcodeproj */;
			proxyType = 1;
			remoteGlobalIDString = 63B0AC561D595E1B00FA21D9;
			remoteInfo = PromiseKit;
		};
		42D757672243CA6A00A37BEE /* PBXContainerItemProxy */ = {
			isa = PBXContainerItemProxy;
			containerPortal = 420229F12233B72E00043999 /* Cache.xcodeproj */;
			proxyType = 1;
			remoteGlobalIDString = D5291D5F1C283B5300B702C9;
			remoteInfo = "Cache-Mac";
		};
		42D757752243CBC000A37BEE /* PBXContainerItemProxy */ = {
			isa = PBXContainerItemProxy;
			containerPortal = 420229B32233B64300043999 /* Project object */;
			proxyType = 1;
			remoteGlobalIDString = 42D757312243A02A00A37BEE;
			remoteInfo = "PangaeaClient-static";
		};
/* End PBXContainerItemProxy section */

/* Begin PBXCopyFilesBuildPhase section */
		42022A382233B76E00043999 /* CopyFiles */ = {
			isa = PBXCopyFilesBuildPhase;
			buildActionMask = 2147483647;
			dstPath = "";
			dstSubfolderSpec = 10;
			files = (
				42D7576E2243CA8F00A37BEE /* Zstandard.framework in CopyFiles */,
				42D7576F2243CA9000A37BEE /* XMLCoder.framework in CopyFiles */,
				42D757702243CA9000A37BEE /* PromiseKit.framework in CopyFiles */,
				42D757722243CA9000A37BEE /* Cache.framework in CopyFiles */,
			);
			runOnlyForDeploymentPostprocessing = 0;
		};
		42E6C5ED223550FF00F0AF2B /* CopyFiles */ = {
			isa = PBXCopyFilesBuildPhase;
			buildActionMask = 2147483647;
			dstPath = /usr/share/man/man1/;
			dstSubfolderSpec = 0;
			files = (
			);
			runOnlyForDeploymentPostprocessing = 1;
		};
/* End PBXCopyFilesBuildPhase section */

/* Begin PBXFileReference section */
		420229BC2233B64400043999 /* PangaeaClient.framework */ = {isa = PBXFileReference; explicitFileType = wrapper.framework; includeInIndex = 0; path = PangaeaClient.framework; sourceTree = BUILT_PRODUCTS_DIR; };
		420229BF2233B64400043999 /* PangaeaClient.h */ = {isa = PBXFileReference; lastKnownFileType = sourcecode.c.h; path = PangaeaClient.h; sourceTree = "<group>"; };
		420229C02233B64400043999 /* Info.plist */ = {isa = PBXFileReference; lastKnownFileType = text.plist.xml; path = Info.plist; sourceTree = "<group>"; };
		420229C52233B64400043999 /* PangaeaClientTests.xctest */ = {isa = PBXFileReference; explicitFileType = wrapper.cfbundle; includeInIndex = 0; path = PangaeaClientTests.xctest; sourceTree = BUILT_PRODUCTS_DIR; };
		420229CA2233B64400043999 /* PangaeaClientTests.swift */ = {isa = PBXFileReference; lastKnownFileType = sourcecode.swift; path = PangaeaClientTests.swift; sourceTree = "<group>"; };
		420229CC2233B64400043999 /* Info.plist */ = {isa = PBXFileReference; lastKnownFileType = text.plist.xml; path = Info.plist; sourceTree = "<group>"; };
		420229D72233B65900043999 /* PMEvent.swift */ = {isa = PBXFileReference; lastKnownFileType = sourcecode.swift; path = PMEvent.swift; sourceTree = "<group>"; };
		420229D82233B65900043999 /* PMLicense.swift */ = {isa = PBXFileReference; lastKnownFileType = sourcecode.swift; path = PMLicense.swift; sourceTree = "<group>"; };
		420229D92233B65900043999 /* PMProject.swift */ = {isa = PBXFileReference; lastKnownFileType = sourcecode.swift; path = PMProject.swift; sourceTree = "<group>"; };
		420229DA2233B65900043999 /* PMCitation.swift */ = {isa = PBXFileReference; lastKnownFileType = sourcecode.swift; path = PMCitation.swift; sourceTree = "<group>"; };
		420229DB2233B65900043999 /* PMKeywords.swift */ = {isa = PBXFileReference; lastKnownFileType = sourcecode.swift; path = PMKeywords.swift; sourceTree = "<group>"; };
		420229DC2233B65900043999 /* PangaeaData.swift */ = {isa = PBXFileReference; lastKnownFileType = sourcecode.swift; path = PangaeaData.swift; sourceTree = "<group>"; };
		420229DD2233B65900043999 /* PMMatrixColumn.swift */ = {isa = PBXFileReference; lastKnownFileType = sourcecode.swift; path = PMMatrixColumn.swift; sourceTree = "<group>"; };
		420229DE2233B65900043999 /* PMExtent.swift */ = {isa = PBXFileReference; lastKnownFileType = sourcecode.swift; path = PMExtent.swift; sourceTree = "<group>"; };
		420229DF2233B65900043999 /* PangaeaBaseURL.swift */ = {isa = PBXFileReference; lastKnownFileType = sourcecode.swift; path = PangaeaBaseURL.swift; sourceTree = "<group>"; };
		420229E02233B65900043999 /* PMTechnicalInfo.swift */ = {isa = PBXFileReference; lastKnownFileType = sourcecode.swift; path = PMTechnicalInfo.swift; sourceTree = "<group>"; };
		420229E32233B6FD00043999 /* ExampleDataset.swift */ = {isa = PBXFileReference; fileEncoding = 4; lastKnownFileType = sourcecode.swift; path = ExampleDataset.swift; sourceTree = "<group>"; };
		420229E52233B6FD00043999 /* ExampleLinkedFiles.swift */ = {isa = PBXFileReference; fileEncoding = 4; lastKnownFileType = sourcecode.swift; path = ExampleLinkedFiles.swift; sourceTree = "<group>"; };
		420229E72233B6FD00043999 /* ExampleLoginRequired.swift */ = {isa = PBXFileReference; fileEncoding = 4; lastKnownFileType = sourcecode.swift; path = ExampleLoginRequired.swift; sourceTree = "<group>"; };
		420229E82233B6FD00043999 /* ExampleParent.swift */ = {isa = PBXFileReference; fileEncoding = 4; lastKnownFileType = sourcecode.swift; path = ExampleParent.swift; sourceTree = "<group>"; };
		420229EF2233B71500043999 /* PangaeaClient.swift */ = {isa = PBXFileReference; lastKnownFileType = sourcecode.swift; path = PangaeaClient.swift; sourceTree = "<group>"; };
		420229F12233B72E00043999 /* Cache.xcodeproj */ = {isa = PBXFileReference; lastKnownFileType = "wrapper.pb-project"; name = Cache.xcodeproj; path = Cache/Cache.xcodeproj; sourceTree = "<group>"; };
		420229FA2233B73800043999 /* PromiseKit.xcodeproj */ = {isa = PBXFileReference; lastKnownFileType = "wrapper.pb-project"; name = PromiseKit.xcodeproj; path = PromiseKit/PromiseKit.xcodeproj; sourceTree = "<group>"; };
		42022A232233B74300043999 /* XMLCoder.xcodeproj */ = {isa = PBXFileReference; lastKnownFileType = "wrapper.pb-project"; name = XMLCoder.xcodeproj; path = XMLCoder/XMLCoder.xcodeproj; sourceTree = "<group>"; };
		42022A3C2233BCC500043999 /* PangaeaDefaults.swift */ = {isa = PBXFileReference; lastKnownFileType = sourcecode.swift; path = PangaeaDefaults.swift; sourceTree = "<group>"; };
		42022A4A2233BF7C00043999 /* PangaeaError.swift */ = {isa = PBXFileReference; lastKnownFileType = sourcecode.swift; path = PangaeaError.swift; sourceTree = "<group>"; };
		420A29F722405B8E00CBE568 /* NSDataCompression.framework */ = {isa = PBXFileReference; explicitFileType = wrapper.framework; path = NSDataCompression.framework; sourceTree = BUILT_PRODUCTS_DIR; };
		420A29F922405B8E00CBE568 /* Zstandard.framework */ = {isa = PBXFileReference; explicitFileType = wrapper.framework; path = Zstandard.framework; sourceTree = BUILT_PRODUCTS_DIR; };
		421FA46B223FD47D00AB713D /* PangaeaClient.playground */ = {isa = PBXFileReference; lastKnownFileType = file.playground; path = PangaeaClient.playground; sourceTree = "<group>"; xcLanguageSpecificationIdentifier = xcode.lang.swift; };
		421FA477223FDD6200AB713D /* VendorLicenses.swift */ = {isa = PBXFileReference; fileEncoding = 4; lastKnownFileType = sourcecode.swift; path = VendorLicenses.swift; sourceTree = "<group>"; };
		421FA479223FDFB000AB713D /* LICENSE.md */ = {isa = PBXFileReference; lastKnownFileType = net.daringfireball.markdown; name = LICENSE.md; path = ../LICENSE.md; sourceTree = "<group>"; };
		422DE91D2242883600AD3B07 /* Zstandard.xcodeproj */ = {isa = PBXFileReference; lastKnownFileType = "wrapper.pb-project"; name = Zstandard.xcodeproj; path = ZStandard/Zstandard.xcodeproj; sourceTree = "<group>"; };
		422DE9332242884700AD3B07 /* ZStandard.swift */ = {isa = PBXFileReference; lastKnownFileType = sourcecode.swift; path = ZStandard.swift; sourceTree = "<group>"; };
		42454FD122367B3D0063D451 /* Info.plist */ = {isa = PBXFileReference; fileEncoding = 4; lastKnownFileType = text.plist.xml; name = Info.plist; path = PangaeaClientCLI/Info.plist; sourceTree = SOURCE_ROOT; };
		4273FD63223F882A003B6AE3 /* PangaeaCache.swift */ = {isa = PBXFileReference; fileEncoding = 4; lastKnownFileType = sourcecode.swift; path = PangaeaCache.swift; sourceTree = "<group>"; };
		429ED40722422C2400BF28EB /* README.md */ = {isa = PBXFileReference; lastKnownFileType = net.daringfireball.markdown; name = README.md; path = ../README.md; sourceTree = "<group>"; };
		42C691F8224237AE00C93608 /* MetaData.xsd */ = {isa = PBXFileReference; lastKnownFileType = text; path = MetaData.xsd; sourceTree = "<group>"; };
		42C691F9224237AE00C93608 /* MetaData.png */ = {isa = PBXFileReference; lastKnownFileType = image.png; path = MetaData.png; sourceTree = "<group>"; };
		42D7560E2243856500A37BEE /* CommandLine.swift */ = {isa = PBXFileReference; fileEncoding = 4; lastKnownFileType = sourcecode.swift; path = CommandLine.swift; sourceTree = "<group>"; };
		42D7560F2243856500A37BEE /* Option.swift */ = {isa = PBXFileReference; fileEncoding = 4; lastKnownFileType = sourcecode.swift; path = Option.swift; sourceTree = "<group>"; };
		42D756102243856500A37BEE /* StringExtensions.swift */ = {isa = PBXFileReference; fileEncoding = 4; lastKnownFileType = sourcecode.swift; path = StringExtensions.swift; sourceTree = "<group>"; };
		42D756222243863300A37BEE /* Utilities.swift */ = {isa = PBXFileReference; lastKnownFileType = sourcecode.swift; path = Utilities.swift; sourceTree = "<group>"; };
		42D756242243867500A37BEE /* Rainbow.xcodeproj */ = {isa = PBXFileReference; lastKnownFileType = "wrapper.pb-project"; name = Rainbow.xcodeproj; path = Vendor/Rainbow/Rainbow.xcodeproj; sourceTree = SOURCE_ROOT; };
		42D75636224387C700A37BEE /* CommandLineProcessing.swift */ = {isa = PBXFileReference; lastKnownFileType = sourcecode.swift; path = CommandLineProcessing.swift; sourceTree = "<group>"; };
		42D75638224388BF00A37BEE /* licenses.swift */ = {isa = PBXFileReference; lastKnownFileType = sourcecode.swift; path = licenses.swift; sourceTree = "<group>"; };
		42D756FE224393C700A37BEE /* NSURLSession+Promise.swift */ = {isa = PBXFileReference; fileEncoding = 4; lastKnownFileType = sourcecode.swift; name = "NSURLSession+Promise.swift"; path = "PromiseKit/Extensions/Foundation/Sources/NSURLSession+Promise.swift"; sourceTree = "<group>"; };
		42D757322243A02A00A37BEE /* libPangaeaClientStatic.a */ = {isa = PBXFileReference; explicitFileType = archive.ar; includeInIndex = 0; path = libPangaeaClientStatic.a; sourceTree = BUILT_PRODUCTS_DIR; };
		42E6C5EF223550FF00F0AF2B /* PangaeaClientCLI */ = {isa = PBXFileReference; explicitFileType = "compiled.mach-o.executable"; includeInIndex = 0; path = PangaeaClientCLI; sourceTree = BUILT_PRODUCTS_DIR; };
		42E6C5F1223550FF00F0AF2B /* main.swift */ = {isa = PBXFileReference; lastKnownFileType = sourcecode.swift; path = main.swift; sourceTree = "<group>"; };
/* End PBXFileReference section */

/* Begin PBXFrameworksBuildPhase section */
		420229B92233B64400043999 /* Frameworks */ = {
			isa = PBXFrameworksBuildPhase;
			buildActionMask = 2147483647;
			files = (
				42D757692243CA7B00A37BEE /* Cache.framework in Frameworks */,
				42D7576B2243CA7B00A37BEE /* PromiseKit.framework in Frameworks */,
				42D7576C2243CA7B00A37BEE /* XMLCoder.framework in Frameworks */,
				42D7576D2243CA7B00A37BEE /* Zstandard.framework in Frameworks */,
			);
			runOnlyForDeploymentPostprocessing = 0;
		};
		420229C22233B64400043999 /* Frameworks */ = {
			isa = PBXFrameworksBuildPhase;
			buildActionMask = 2147483647;
			files = (
				420229C62233B64400043999 /* PangaeaClient.framework in Frameworks */,
			);
			runOnlyForDeploymentPostprocessing = 0;
		};
		42D757302243A02A00A37BEE /* Frameworks */ = {
			isa = PBXFrameworksBuildPhase;
			buildActionMask = 2147483647;
			files = (
				4279A08A2243E2B50015CB96 /* libXMLCoder.a in Frameworks */,
				42D7574F2243A07E00A37BEE /* libCache.a in Frameworks */,
				42D757502243A07E00A37BEE /* libPromiseKit.a in Frameworks */,
				42D757522243A07E00A37BEE /* libZstandard.a in Frameworks */,
			);
			runOnlyForDeploymentPostprocessing = 0;
		};
		42E6C5EC223550FF00F0AF2B /* Frameworks */ = {
			isa = PBXFrameworksBuildPhase;
			buildActionMask = 2147483647;
			files = (
				42D757552243A09300A37BEE /* libPangaeaClientStatic.a in Frameworks */,
				42D75634224386B000A37BEE /* libRainbow.a in Frameworks */,
			);
			runOnlyForDeploymentPostprocessing = 0;
		};
/* End PBXFrameworksBuildPhase section */

/* Begin PBXGroup section */
		420229B22233B64300043999 = {
			isa = PBXGroup;
			children = (
				421FA46B223FD47D00AB713D /* PangaeaClient.playground */,
				420229E12233B66B00043999 /* Vendor */,
				420229BE2233B64400043999 /* PangaeaClient */,
				420229C92233B64400043999 /* PangaeaClientTests */,
				42E6C5F0223550FF00F0AF2B /* PangaeaClientCLI */,
				420229BD2233B64400043999 /* Products */,
				42022A342233B75D00043999 /* Frameworks */,
			);
			sourceTree = "<group>";
		};
		420229BD2233B64400043999 /* Products */ = {
			isa = PBXGroup;
			children = (
				420229BC2233B64400043999 /* PangaeaClient.framework */,
				420229C52233B64400043999 /* PangaeaClientTests.xctest */,
				42E6C5EF223550FF00F0AF2B /* PangaeaClientCLI */,
				42D757322243A02A00A37BEE /* libPangaeaClientStatic.a */,
			);
			name = Products;
			sourceTree = "<group>";
		};
		420229BE2233B64400043999 /* PangaeaClient */ = {
			isa = PBXGroup;
			children = (
				42C691ED2242378A00C93608 /* Resources */,
				420229D62233B65900043999 /* Model */,
				420229BF2233B64400043999 /* PangaeaClient.h */,
				421FA477223FDD6200AB713D /* VendorLicenses.swift */,
				421FA479223FDFB000AB713D /* LICENSE.md */,
				429ED40722422C2400BF28EB /* README.md */,
				420229EF2233B71500043999 /* PangaeaClient.swift */,
				42022A3C2233BCC500043999 /* PangaeaDefaults.swift */,
				420229C02233B64400043999 /* Info.plist */,
			);
			path = PangaeaClient;
			sourceTree = "<group>";
		};
		420229C92233B64400043999 /* PangaeaClientTests */ = {
			isa = PBXGroup;
			children = (
				420229E22233B6FD00043999 /* TestData */,
				420229CA2233B64400043999 /* PangaeaClientTests.swift */,
				420229CC2233B64400043999 /* Info.plist */,
			);
			path = PangaeaClientTests;
			sourceTree = "<group>";
		};
		420229D62233B65900043999 /* Model */ = {
			isa = PBXGroup;
			children = (
				420229DC2233B65900043999 /* PangaeaData.swift */,
				420229D72233B65900043999 /* PMEvent.swift */,
				420229D82233B65900043999 /* PMLicense.swift */,
				420229D92233B65900043999 /* PMProject.swift */,
				420229DA2233B65900043999 /* PMCitation.swift */,
				420229DB2233B65900043999 /* PMKeywords.swift */,
				420229DD2233B65900043999 /* PMMatrixColumn.swift */,
				420229DE2233B65900043999 /* PMExtent.swift */,
				420229DF2233B65900043999 /* PangaeaBaseURL.swift */,
				420229E02233B65900043999 /* PMTechnicalInfo.swift */,
				42022A4A2233BF7C00043999 /* PangaeaError.swift */,
				4273FD63223F882A003B6AE3 /* PangaeaCache.swift */,
				422DE9332242884700AD3B07 /* ZStandard.swift */,
			);
			path = Model;
			sourceTree = "<group>";
		};
		420229E12233B66B00043999 /* Vendor */ = {
			isa = PBXGroup;
			children = (
				42D756FE224393C700A37BEE /* NSURLSession+Promise.swift */,
				422DE91D2242883600AD3B07 /* Zstandard.xcodeproj */,
				42022A232233B74300043999 /* XMLCoder.xcodeproj */,
				420229FA2233B73800043999 /* PromiseKit.xcodeproj */,
				420229F12233B72E00043999 /* Cache.xcodeproj */,
			);
			path = Vendor;
			sourceTree = "<group>";
		};
		420229E22233B6FD00043999 /* TestData */ = {
			isa = PBXGroup;
			children = (
				420229E32233B6FD00043999 /* ExampleDataset.swift */,
				420229E52233B6FD00043999 /* ExampleLinkedFiles.swift */,
				420229E72233B6FD00043999 /* ExampleLoginRequired.swift */,
				420229E82233B6FD00043999 /* ExampleParent.swift */,
			);
			path = TestData;
			sourceTree = "<group>";
		};
		420229F22233B72E00043999 /* Products */ = {
			isa = PBXGroup;
			children = (
				420229F72233B72E00043999 /* Cache.framework */,
				420229F92233B72E00043999 /* Cache-Mac-Tests.xctest */,
				42D7572C224398A800A37BEE /* libCache.a */,
			);
			name = Products;
			sourceTree = "<group>";
		};
		42022A0F2233B73C00043999 /* Products */ = {
			isa = PBXGroup;
			children = (
				42022A182233B73C00043999 /* PromiseKit.framework */,
				42022A1A2233B73C00043999 /* PMKA+Tests.xctest */,
				42022A1C2233B73C00043999 /* PMKBridgeTests.xctest */,
				42022A1E2233B73C00043999 /* PMKCoreTests.xctest */,
				42022A202233B73C00043999 /* PMKDeprecatedTests.xctest */,
				42022A222233B73C00043999 /* PMKJSA+Tests.xctest */,
				42D756F22243917500A37BEE /* libPromiseKit.a */,
			);
			name = Products;
			sourceTree = "<group>";
		};
		42022A242233B74300043999 /* Products */ = {
			isa = PBXGroup;
			children = (
				42022A2B2233B74300043999 /* XMLCoder.framework */,
				42022A2D2233B74300043999 /* XMLCoderTests.xctest */,
				42D756D422438F6E00A37BEE /* libXMLCoder.a */,
			);
			name = Products;
			sourceTree = "<group>";
		};
		42022A342233B75D00043999 /* Frameworks */ = {
			isa = PBXGroup;
			children = (
				420A29F722405B8E00CBE568 /* NSDataCompression.framework */,
				420A29F922405B8E00CBE568 /* Zstandard.framework */,
			);
			name = Frameworks;
			sourceTree = "<group>";
		};
		422DE91E2242883600AD3B07 /* Products */ = {
			isa = PBXGroup;
			children = (
				422DE92E2242883700AD3B07 /* Zstandard.framework */,
				422DE9302242883700AD3B07 /* ZstandardTests.xctest */,
				42D7567C22438E6300A37BEE /* libZstandard.a */,
			);
			name = Products;
			sourceTree = "<group>";
		};
		42C691ED2242378A00C93608 /* Resources */ = {
			isa = PBXGroup;
			children = (
				42C691F9224237AE00C93608 /* MetaData.png */,
				42C691F8224237AE00C93608 /* MetaData.xsd */,
			);
			path = Resources;
			sourceTree = "<group>";
		};
		42D7560D2243856500A37BEE /* CommandLineKit */ = {
			isa = PBXGroup;
			children = (
				42D7560E2243856500A37BEE /* CommandLine.swift */,
				42D7560F2243856500A37BEE /* Option.swift */,
				42D756102243856500A37BEE /* StringExtensions.swift */,
			);
			path = CommandLineKit;
			sourceTree = "<group>";
		};
		42D756252243867500A37BEE /* Products */ = {
			isa = PBXGroup;
			children = (
				42D7562B2243867600A37BEE /* Rainbow.framework */,
				42D7562D2243867600A37BEE /* RainbowTests.xctest */,
				42D7562F2243867600A37BEE /* libRainbow.a */,
			);
			name = Products;
			sourceTree = "<group>";
		};
		42E6C5F0223550FF00F0AF2B /* PangaeaClientCLI */ = {
			isa = PBXGroup;
			children = (
				42D756242243867500A37BEE /* Rainbow.xcodeproj */,
				42D7560D2243856500A37BEE /* CommandLineKit */,
				42454FD122367B3D0063D451 /* Info.plist */,
				42E6C5F1223550FF00F0AF2B /* main.swift */,
				42D75638224388BF00A37BEE /* licenses.swift */,
				42D756222243863300A37BEE /* Utilities.swift */,
				42D75636224387C700A37BEE /* CommandLineProcessing.swift */,
			);
			path = PangaeaClientCLI;
			sourceTree = "<group>";
		};
/* End PBXGroup section */

/* Begin PBXHeadersBuildPhase section */
		420229B72233B64400043999 /* Headers */ = {
			isa = PBXHeadersBuildPhase;
			buildActionMask = 2147483647;
			files = (
				420229CD2233B64400043999 /* PangaeaClient.h in Headers */,
			);
			runOnlyForDeploymentPostprocessing = 0;
		};
		42D7572E2243A02A00A37BEE /* Headers */ = {
			isa = PBXHeadersBuildPhase;
			buildActionMask = 2147483647;
			files = (
			);
			runOnlyForDeploymentPostprocessing = 0;
		};
/* End PBXHeadersBuildPhase section */

/* Begin PBXNativeTarget section */
		420229BB2233B64400043999 /* PangaeaClient */ = {
			isa = PBXNativeTarget;
			buildConfigurationList = 420229D02233B64400043999 /* Build configuration list for PBXNativeTarget "PangaeaClient" */;
			buildPhases = (
				420229B72233B64400043999 /* Headers */,
				420229B82233B64400043999 /* Sources */,
				420229B92233B64400043999 /* Frameworks */,
				420229BA2233B64400043999 /* Resources */,
				42022A382233B76E00043999 /* CopyFiles */,
			);
			buildRules = (
			);
			dependencies = (
				42D757602243CA6A00A37BEE /* PBXTargetDependency */,
				42D757622243CA6A00A37BEE /* PBXTargetDependency */,
				42D757642243CA6A00A37BEE /* PBXTargetDependency */,
				42D757682243CA6A00A37BEE /* PBXTargetDependency */,
			);
			name = PangaeaClient;
			productName = PangaeaClient;
			productReference = 420229BC2233B64400043999 /* PangaeaClient.framework */;
			productType = "com.apple.product-type.framework";
		};
		420229C42233B64400043999 /* PangaeaClientTests */ = {
			isa = PBXNativeTarget;
			buildConfigurationList = 420229D32233B64400043999 /* Build configuration list for PBXNativeTarget "PangaeaClientTests" */;
			buildPhases = (
				420229C12233B64400043999 /* Sources */,
				420229C22233B64400043999 /* Frameworks */,
				420229C32233B64400043999 /* Resources */,
			);
			buildRules = (
			);
			dependencies = (
				420229C82233B64400043999 /* PBXTargetDependency */,
			);
			name = PangaeaClientTests;
			productName = PangaeaClientTests;
			productReference = 420229C52233B64400043999 /* PangaeaClientTests.xctest */;
			productType = "com.apple.product-type.bundle.unit-test";
		};
		42D757312243A02A00A37BEE /* PangaeaClientStatic */ = {
			isa = PBXNativeTarget;
			buildConfigurationList = 42D757332243A02A00A37BEE /* Build configuration list for PBXNativeTarget "PangaeaClientStatic" */;
			buildPhases = (
				42D7572E2243A02A00A37BEE /* Headers */,
				42D7572F2243A02A00A37BEE /* Sources */,
				42D757302243A02A00A37BEE /* Frameworks */,
			);
			buildRules = (
			);
			dependencies = (
				4279A0892243E2AE0015CB96 /* PBXTargetDependency */,
				42D757482243A07500A37BEE /* PBXTargetDependency */,
				42D7574C2243A07500A37BEE /* PBXTargetDependency */,
				42D7574E2243A07500A37BEE /* PBXTargetDependency */,
			);
			name = PangaeaClientStatic;
			productName = "PangaeaClient-static";
			productReference = 42D757322243A02A00A37BEE /* libPangaeaClientStatic.a */;
			productType = "com.apple.product-type.library.static";
		};
		42E6C5EE223550FF00F0AF2B /* PangaeaClientCLI */ = {
			isa = PBXNativeTarget;
			buildConfigurationList = 42E6C5FF223550FF00F0AF2B /* Build configuration list for PBXNativeTarget "PangaeaClientCLI" */;
			buildPhases = (
				42E6C5EB223550FF00F0AF2B /* Sources */,
				42E6C5EC223550FF00F0AF2B /* Frameworks */,
				42E6C5ED223550FF00F0AF2B /* CopyFiles */,
				42D75635224386DC00A37BEE /* Set Build Number */,
			);
			buildRules = (
			);
			dependencies = (
				42D757762243CBC000A37BEE /* PBXTargetDependency */,
				42D756332243869F00A37BEE /* PBXTargetDependency */,
			);
			name = PangaeaClientCLI;
			productName = PangaeaClientCLI;
			productReference = 42E6C5EF223550FF00F0AF2B /* PangaeaClientCLI */;
			productType = "com.apple.product-type.tool";
		};
/* End PBXNativeTarget section */

/* Begin PBXProject section */
		420229B32233B64300043999 /* Project object */ = {
			isa = PBXProject;
			attributes = {
				LastSwiftUpdateCheck = 1020;
				LastUpgradeCheck = 1020;
				ORGANIZATIONNAME = "Heiko Pälike";
				TargetAttributes = {
					420229BB2233B64400043999 = {
						CreatedOnToolsVersion = 10.2;
						LastSwiftMigration = 1020;
					};
					420229C42233B64400043999 = {
						CreatedOnToolsVersion = 10.2;
					};
					42D757312243A02A00A37BEE = {
						CreatedOnToolsVersion = 10.2;
					};
					42E6C5EE223550FF00F0AF2B = {
						CreatedOnToolsVersion = 10.2;
					};
				};
			};
			buildConfigurationList = 420229B62233B64300043999 /* Build configuration list for PBXProject "PangaeaClient" */;
			compatibilityVersion = "Xcode 9.3";
			developmentRegion = en;
			hasScannedForEncodings = 0;
			knownRegions = (
				en,
				Base,
			);
			mainGroup = 420229B22233B64300043999;
			productRefGroup = 420229BD2233B64400043999 /* Products */;
			projectDirPath = "";
			projectReferences = (
				{
					ProductGroup = 420229F22233B72E00043999 /* Products */;
					ProjectRef = 420229F12233B72E00043999 /* Cache.xcodeproj */;
				},
				{
					ProductGroup = 42022A0F2233B73C00043999 /* Products */;
					ProjectRef = 420229FA2233B73800043999 /* PromiseKit.xcodeproj */;
				},
				{
					ProductGroup = 42D756252243867500A37BEE /* Products */;
					ProjectRef = 42D756242243867500A37BEE /* Rainbow.xcodeproj */;
				},
				{
					ProductGroup = 42022A242233B74300043999 /* Products */;
					ProjectRef = 42022A232233B74300043999 /* XMLCoder.xcodeproj */;
				},
				{
					ProductGroup = 422DE91E2242883600AD3B07 /* Products */;
					ProjectRef = 422DE91D2242883600AD3B07 /* Zstandard.xcodeproj */;
				},
			);
			projectRoot = "";
			targets = (
				420229BB2233B64400043999 /* PangaeaClient */,
				420229C42233B64400043999 /* PangaeaClientTests */,
				42E6C5EE223550FF00F0AF2B /* PangaeaClientCLI */,
				42D757312243A02A00A37BEE /* PangaeaClientStatic */,
			);
		};
/* End PBXProject section */

/* Begin PBXReferenceProxy section */
		420229F72233B72E00043999 /* Cache.framework */ = {
			isa = PBXReferenceProxy;
			fileType = wrapper.framework;
			path = Cache.framework;
			remoteRef = 420229F62233B72E00043999 /* PBXContainerItemProxy */;
			sourceTree = BUILT_PRODUCTS_DIR;
		};
		420229F92233B72E00043999 /* Cache-Mac-Tests.xctest */ = {
			isa = PBXReferenceProxy;
			fileType = wrapper.cfbundle;
			path = "Cache-Mac-Tests.xctest";
			remoteRef = 420229F82233B72E00043999 /* PBXContainerItemProxy */;
			sourceTree = BUILT_PRODUCTS_DIR;
		};
		42022A182233B73C00043999 /* PromiseKit.framework */ = {
			isa = PBXReferenceProxy;
			fileType = wrapper.framework;
			path = PromiseKit.framework;
			remoteRef = 42022A172233B73C00043999 /* PBXContainerItemProxy */;
			sourceTree = BUILT_PRODUCTS_DIR;
		};
		42022A1A2233B73C00043999 /* PMKA+Tests.xctest */ = {
			isa = PBXReferenceProxy;
			fileType = wrapper.cfbundle;
			path = "PMKA+Tests.xctest";
			remoteRef = 42022A192233B73C00043999 /* PBXContainerItemProxy */;
			sourceTree = BUILT_PRODUCTS_DIR;
		};
		42022A1C2233B73C00043999 /* PMKBridgeTests.xctest */ = {
			isa = PBXReferenceProxy;
			fileType = wrapper.cfbundle;
			path = PMKBridgeTests.xctest;
			remoteRef = 42022A1B2233B73C00043999 /* PBXContainerItemProxy */;
			sourceTree = BUILT_PRODUCTS_DIR;
		};
		42022A1E2233B73C00043999 /* PMKCoreTests.xctest */ = {
			isa = PBXReferenceProxy;
			fileType = wrapper.cfbundle;
			path = PMKCoreTests.xctest;
			remoteRef = 42022A1D2233B73C00043999 /* PBXContainerItemProxy */;
			sourceTree = BUILT_PRODUCTS_DIR;
		};
		42022A202233B73C00043999 /* PMKDeprecatedTests.xctest */ = {
			isa = PBXReferenceProxy;
			fileType = wrapper.cfbundle;
			path = PMKDeprecatedTests.xctest;
			remoteRef = 42022A1F2233B73C00043999 /* PBXContainerItemProxy */;
			sourceTree = BUILT_PRODUCTS_DIR;
		};
		42022A222233B73C00043999 /* PMKJSA+Tests.xctest */ = {
			isa = PBXReferenceProxy;
			fileType = wrapper.cfbundle;
			path = "PMKJSA+Tests.xctest";
			remoteRef = 42022A212233B73C00043999 /* PBXContainerItemProxy */;
			sourceTree = BUILT_PRODUCTS_DIR;
		};
		42022A2B2233B74300043999 /* XMLCoder.framework */ = {
			isa = PBXReferenceProxy;
			fileType = wrapper.framework;
			path = XMLCoder.framework;
			remoteRef = 42022A2A2233B74300043999 /* PBXContainerItemProxy */;
			sourceTree = BUILT_PRODUCTS_DIR;
		};
		42022A2D2233B74300043999 /* XMLCoderTests.xctest */ = {
			isa = PBXReferenceProxy;
			fileType = wrapper.cfbundle;
			path = XMLCoderTests.xctest;
			remoteRef = 42022A2C2233B74300043999 /* PBXContainerItemProxy */;
			sourceTree = BUILT_PRODUCTS_DIR;
		};
		422DE92E2242883700AD3B07 /* Zstandard.framework */ = {
			isa = PBXReferenceProxy;
			fileType = wrapper.framework;
			path = Zstandard.framework;
			remoteRef = 422DE92D2242883700AD3B07 /* PBXContainerItemProxy */;
			sourceTree = BUILT_PRODUCTS_DIR;
		};
		422DE9302242883700AD3B07 /* ZstandardTests.xctest */ = {
			isa = PBXReferenceProxy;
			fileType = wrapper.cfbundle;
			path = ZstandardTests.xctest;
			remoteRef = 422DE92F2242883700AD3B07 /* PBXContainerItemProxy */;
			sourceTree = BUILT_PRODUCTS_DIR;
		};
		42D7562B2243867600A37BEE /* Rainbow.framework */ = {
			isa = PBXReferenceProxy;
			fileType = wrapper.framework;
			path = Rainbow.framework;
			remoteRef = 42D7562A2243867600A37BEE /* PBXContainerItemProxy */;
			sourceTree = BUILT_PRODUCTS_DIR;
		};
		42D7562D2243867600A37BEE /* RainbowTests.xctest */ = {
			isa = PBXReferenceProxy;
			fileType = wrapper.cfbundle;
			path = RainbowTests.xctest;
			remoteRef = 42D7562C2243867600A37BEE /* PBXContainerItemProxy */;
			sourceTree = BUILT_PRODUCTS_DIR;
		};
		42D7562F2243867600A37BEE /* libRainbow.a */ = {
			isa = PBXReferenceProxy;
			fileType = archive.ar;
			path = libRainbow.a;
			remoteRef = 42D7562E2243867600A37BEE /* PBXContainerItemProxy */;
			sourceTree = BUILT_PRODUCTS_DIR;
		};
		42D7567C22438E6300A37BEE /* libZstandard.a */ = {
			isa = PBXReferenceProxy;
			fileType = archive.ar;
			path = libZstandard.a;
			remoteRef = 42D7567B22438E6300A37BEE /* PBXContainerItemProxy */;
			sourceTree = BUILT_PRODUCTS_DIR;
		};
		42D756D422438F6E00A37BEE /* libXMLCoder.a */ = {
			isa = PBXReferenceProxy;
			fileType = archive.ar;
			path = libXMLCoder.a;
			remoteRef = 42D756D322438F6E00A37BEE /* PBXContainerItemProxy */;
			sourceTree = BUILT_PRODUCTS_DIR;
		};
		42D756F22243917500A37BEE /* libPromiseKit.a */ = {
			isa = PBXReferenceProxy;
			fileType = archive.ar;
			path = libPromiseKit.a;
			remoteRef = 42D756F12243917500A37BEE /* PBXContainerItemProxy */;
			sourceTree = BUILT_PRODUCTS_DIR;
		};
		42D7572C224398A800A37BEE /* libCache.a */ = {
			isa = PBXReferenceProxy;
			fileType = archive.ar;
			path = libCache.a;
			remoteRef = 42D7572B224398A800A37BEE /* PBXContainerItemProxy */;
			sourceTree = BUILT_PRODUCTS_DIR;
		};
/* End PBXReferenceProxy section */

/* Begin PBXResourcesBuildPhase section */
		420229BA2233B64400043999 /* Resources */ = {
			isa = PBXResourcesBuildPhase;
			buildActionMask = 2147483647;
			files = (
				429ED41522422E6A00BF28EB /* LICENSE.md in Resources */,
				429ED41322422E6400BF28EB /* README.md in Resources */,
			);
			runOnlyForDeploymentPostprocessing = 0;
		};
		420229C32233B64400043999 /* Resources */ = {
			isa = PBXResourcesBuildPhase;
			buildActionMask = 2147483647;
			files = (
			);
			runOnlyForDeploymentPostprocessing = 0;
		};
/* End PBXResourcesBuildPhase section */

/* Begin PBXShellScriptBuildPhase section */
		42D75635224386DC00A37BEE /* Set Build Number */ = {
			isa = PBXShellScriptBuildPhase;
			buildActionMask = 2147483647;
			files = (
			);
			inputFileListPaths = (
			);
			inputPaths = (
			);
			name = "Set Build Number";
			outputFileListPaths = (
			);
			outputPaths = (
			);
			runOnlyForDeploymentPostprocessing = 0;
			shellPath = /bin/sh;
			shellScript = "# Type a script or drag a script file from your workspace to insert its path.\n$SRCROOT/set_build_number.sh\n";
		};
/* End PBXShellScriptBuildPhase section */

/* Begin PBXSourcesBuildPhase section */
		420229B82233B64400043999 /* Sources */ = {
			isa = PBXSourcesBuildPhase;
			buildActionMask = 2147483647;
			files = (
				42022A452233BE8400043999 /* PangaeaData.swift in Sources */,
				42022A442233BE8400043999 /* PMKeywords.swift in Sources */,
				42022A482233BE8400043999 /* PangaeaBaseURL.swift in Sources */,
				42022A472233BE8400043999 /* PMExtent.swift in Sources */,
				42022A422233BE8400043999 /* PMProject.swift in Sources */,
				422DE9342242884700AD3B07 /* ZStandard.swift in Sources */,
				42022A462233BE8400043999 /* PMMatrixColumn.swift in Sources */,
				4273FD6E223F882A003B6AE3 /* PangaeaCache.swift in Sources */,
				42022A432233BE8400043999 /* PMCitation.swift in Sources */,
				42022A412233BE8400043999 /* PMLicense.swift in Sources */,
				42D756FF224393C700A37BEE /* NSURLSession+Promise.swift in Sources */,
				420229F02233B71500043999 /* PangaeaClient.swift in Sources */,
				42022A492233BE8400043999 /* PMTechnicalInfo.swift in Sources */,
				42022A3D2233BCC500043999 /* PangaeaDefaults.swift in Sources */,
				42022A4B2233BF7C00043999 /* PangaeaError.swift in Sources */,
				42022A402233BE8400043999 /* PMEvent.swift in Sources */,
				421FA478223FDD6200AB713D /* VendorLicenses.swift in Sources */,
			);
			runOnlyForDeploymentPostprocessing = 0;
		};
		420229C12233B64400043999 /* Sources */ = {
			isa = PBXSourcesBuildPhase;
			buildActionMask = 2147483647;
			files = (
				420229CB2233B64400043999 /* PangaeaClientTests.swift in Sources */,
				420229EB2233B6FD00043999 /* ExampleLinkedFiles.swift in Sources */,
				420229ED2233B6FD00043999 /* ExampleLoginRequired.swift in Sources */,
				420229EE2233B6FD00043999 /* ExampleParent.swift in Sources */,
				420229E92233B6FD00043999 /* ExampleDataset.swift in Sources */,
			);
			runOnlyForDeploymentPostprocessing = 0;
		};
		42D7572F2243A02A00A37BEE /* Sources */ = {
			isa = PBXSourcesBuildPhase;
			buildActionMask = 2147483647;
			files = (
				42D757362243A05200A37BEE /* NSURLSession+Promise.swift in Sources */,
				42D757372243A05200A37BEE /* PangaeaData.swift in Sources */,
				42D757382243A05200A37BEE /* PMEvent.swift in Sources */,
				42D757392243A05200A37BEE /* PMLicense.swift in Sources */,
				42D7573A2243A05200A37BEE /* PMProject.swift in Sources */,
				42D7573B2243A05200A37BEE /* PMCitation.swift in Sources */,
				42D7573C2243A05200A37BEE /* PMKeywords.swift in Sources */,
				42D7573D2243A05200A37BEE /* PMMatrixColumn.swift in Sources */,
				42D7573E2243A05200A37BEE /* PMExtent.swift in Sources */,
				42D7573F2243A05200A37BEE /* PangaeaBaseURL.swift in Sources */,
				42D757402243A05200A37BEE /* PMTechnicalInfo.swift in Sources */,
				42D757412243A05200A37BEE /* PangaeaError.swift in Sources */,
				42D757422243A05200A37BEE /* PangaeaCache.swift in Sources */,
				42D757432243A05200A37BEE /* ZStandard.swift in Sources */,
				42D757442243A05200A37BEE /* VendorLicenses.swift in Sources */,
				42D757452243A05200A37BEE /* PangaeaClient.swift in Sources */,
				42D757462243A05200A37BEE /* PangaeaDefaults.swift in Sources */,
			);
			runOnlyForDeploymentPostprocessing = 0;
		};
		42E6C5EB223550FF00F0AF2B /* Sources */ = {
			isa = PBXSourcesBuildPhase;
			buildActionMask = 2147483647;
			files = (
				42D756212243856C00A37BEE /* StringExtensions.swift in Sources */,
				42E6C5F2223550FF00F0AF2B /* main.swift in Sources */,
				42D756202243856C00A37BEE /* Option.swift in Sources */,
				42D75637224387C700A37BEE /* CommandLineProcessing.swift in Sources */,
				42D75639224388BF00A37BEE /* licenses.swift in Sources */,
				42D756232243863300A37BEE /* Utilities.swift in Sources */,
				42D7561F2243856C00A37BEE /* CommandLine.swift in Sources */,
			);
			runOnlyForDeploymentPostprocessing = 0;
		};
/* End PBXSourcesBuildPhase section */

/* Begin PBXTargetDependency section */
		420229C82233B64400043999 /* PBXTargetDependency */ = {
			isa = PBXTargetDependency;
			target = 420229BB2233B64400043999 /* PangaeaClient */;
			targetProxy = 420229C72233B64400043999 /* PBXContainerItemProxy */;
		};
		4279A0892243E2AE0015CB96 /* PBXTargetDependency */ = {
			isa = PBXTargetDependency;
			name = "XMLCoder-static";
			targetProxy = 4279A0882243E2AE0015CB96 /* PBXContainerItemProxy */;
		};
		42D756332243869F00A37BEE /* PBXTargetDependency */ = {
			isa = PBXTargetDependency;
			name = "Rainbow-static";
			targetProxy = 42D756322243869F00A37BEE /* PBXContainerItemProxy */;
		};
		42D757482243A07500A37BEE /* PBXTargetDependency */ = {
			isa = PBXTargetDependency;
			name = "Zstandard-static";
			targetProxy = 42D757472243A07500A37BEE /* PBXContainerItemProxy */;
		};
		42D7574C2243A07500A37BEE /* PBXTargetDependency */ = {
			isa = PBXTargetDependency;
			name = "PromiseKit-static";
			targetProxy = 42D7574B2243A07500A37BEE /* PBXContainerItemProxy */;
		};
		42D7574E2243A07500A37BEE /* PBXTargetDependency */ = {
			isa = PBXTargetDependency;
			name = "Cache-static";
			targetProxy = 42D7574D2243A07500A37BEE /* PBXContainerItemProxy */;
		};
		42D757602243CA6A00A37BEE /* PBXTargetDependency */ = {
			isa = PBXTargetDependency;
			name = Zstandard;
			targetProxy = 42D7575F2243CA6A00A37BEE /* PBXContainerItemProxy */;
		};
		42D757622243CA6A00A37BEE /* PBXTargetDependency */ = {
			isa = PBXTargetDependency;
			name = XMLCoder;
			targetProxy = 42D757612243CA6A00A37BEE /* PBXContainerItemProxy */;
		};
		42D757642243CA6A00A37BEE /* PBXTargetDependency */ = {
			isa = PBXTargetDependency;
			name = PromiseKit;
			targetProxy = 42D757632243CA6A00A37BEE /* PBXContainerItemProxy */;
		};
		42D757682243CA6A00A37BEE /* PBXTargetDependency */ = {
			isa = PBXTargetDependency;
			name = "Cache-Mac";
			targetProxy = 42D757672243CA6A00A37BEE /* PBXContainerItemProxy */;
		};
		42D757762243CBC000A37BEE /* PBXTargetDependency */ = {
			isa = PBXTargetDependency;
			target = 42D757312243A02A00A37BEE /* PangaeaClientStatic */;
			targetProxy = 42D757752243CBC000A37BEE /* PBXContainerItemProxy */;
		};
/* End PBXTargetDependency section */

/* Begin XCBuildConfiguration section */
		420229CE2233B64400043999 /* Debug */ = {
			isa = XCBuildConfiguration;
			buildSettings = {
				ALWAYS_SEARCH_USER_PATHS = NO;
				CLANG_ANALYZER_NONNULL = YES;
				CLANG_ANALYZER_NUMBER_OBJECT_CONVERSION = YES_AGGRESSIVE;
				CLANG_CXX_LANGUAGE_STANDARD = "gnu++14";
				CLANG_CXX_LIBRARY = "libc++";
				CLANG_ENABLE_MODULES = YES;
				CLANG_ENABLE_OBJC_ARC = YES;
				CLANG_ENABLE_OBJC_WEAK = YES;
				CLANG_WARN_BLOCK_CAPTURE_AUTORELEASING = YES;
				CLANG_WARN_BOOL_CONVERSION = YES;
				CLANG_WARN_COMMA = YES;
				CLANG_WARN_CONSTANT_CONVERSION = YES;
				CLANG_WARN_DEPRECATED_OBJC_IMPLEMENTATIONS = YES;
				CLANG_WARN_DIRECT_OBJC_ISA_USAGE = YES_ERROR;
				CLANG_WARN_DOCUMENTATION_COMMENTS = YES;
				CLANG_WARN_EMPTY_BODY = YES;
				CLANG_WARN_ENUM_CONVERSION = YES;
				CLANG_WARN_INFINITE_RECURSION = YES;
				CLANG_WARN_INT_CONVERSION = YES;
				CLANG_WARN_NON_LITERAL_NULL_CONVERSION = YES;
				CLANG_WARN_OBJC_IMPLICIT_RETAIN_SELF = YES;
				CLANG_WARN_OBJC_LITERAL_CONVERSION = YES;
				CLANG_WARN_OBJC_ROOT_CLASS = YES_ERROR;
				CLANG_WARN_RANGE_LOOP_ANALYSIS = YES;
				CLANG_WARN_STRICT_PROTOTYPES = YES;
				CLANG_WARN_SUSPICIOUS_MOVE = YES;
				CLANG_WARN_UNGUARDED_AVAILABILITY = YES_AGGRESSIVE;
				CLANG_WARN_UNREACHABLE_CODE = YES;
				CLANG_WARN__DUPLICATE_METHOD_MATCH = YES;
				CODE_SIGN_IDENTITY = "Mac Developer";
				COPY_PHASE_STRIP = NO;
				CURRENT_PROJECT_VERSION = 1;
				DEBUG_INFORMATION_FORMAT = dwarf;
				ENABLE_STRICT_OBJC_MSGSEND = YES;
				ENABLE_TESTABILITY = YES;
				GCC_C_LANGUAGE_STANDARD = gnu11;
				GCC_DYNAMIC_NO_PIC = NO;
				GCC_NO_COMMON_BLOCKS = YES;
				GCC_OPTIMIZATION_LEVEL = 0;
				GCC_PREPROCESSOR_DEFINITIONS = (
					"DEBUG=1",
					"$(inherited)",
				);
				GCC_WARN_64_TO_32_BIT_CONVERSION = YES;
				GCC_WARN_ABOUT_RETURN_TYPE = YES_ERROR;
				GCC_WARN_UNDECLARED_SELECTOR = YES;
				GCC_WARN_UNINITIALIZED_AUTOS = YES_AGGRESSIVE;
				GCC_WARN_UNUSED_FUNCTION = YES;
				GCC_WARN_UNUSED_VARIABLE = YES;
				MACOSX_DEPLOYMENT_TARGET = 10.14;
				MTL_ENABLE_DEBUG_INFO = INCLUDE_SOURCE;
				MTL_FAST_MATH = YES;
				ONLY_ACTIVE_ARCH = YES;
				SDKROOT = macosx;
				SWIFT_ACTIVE_COMPILATION_CONDITIONS = DEBUG;
				SWIFT_OPTIMIZATION_LEVEL = "-Onone";
				VERSIONING_SYSTEM = "apple-generic";
				VERSION_INFO_PREFIX = "";
			};
			name = Debug;
		};
		420229CF2233B64400043999 /* Release */ = {
			isa = XCBuildConfiguration;
			buildSettings = {
				ALWAYS_SEARCH_USER_PATHS = NO;
				CLANG_ANALYZER_NONNULL = YES;
				CLANG_ANALYZER_NUMBER_OBJECT_CONVERSION = YES_AGGRESSIVE;
				CLANG_CXX_LANGUAGE_STANDARD = "gnu++14";
				CLANG_CXX_LIBRARY = "libc++";
				CLANG_ENABLE_MODULES = YES;
				CLANG_ENABLE_OBJC_ARC = YES;
				CLANG_ENABLE_OBJC_WEAK = YES;
				CLANG_WARN_BLOCK_CAPTURE_AUTORELEASING = YES;
				CLANG_WARN_BOOL_CONVERSION = YES;
				CLANG_WARN_COMMA = YES;
				CLANG_WARN_CONSTANT_CONVERSION = YES;
				CLANG_WARN_DEPRECATED_OBJC_IMPLEMENTATIONS = YES;
				CLANG_WARN_DIRECT_OBJC_ISA_USAGE = YES_ERROR;
				CLANG_WARN_DOCUMENTATION_COMMENTS = YES;
				CLANG_WARN_EMPTY_BODY = YES;
				CLANG_WARN_ENUM_CONVERSION = YES;
				CLANG_WARN_INFINITE_RECURSION = YES;
				CLANG_WARN_INT_CONVERSION = YES;
				CLANG_WARN_NON_LITERAL_NULL_CONVERSION = YES;
				CLANG_WARN_OBJC_IMPLICIT_RETAIN_SELF = YES;
				CLANG_WARN_OBJC_LITERAL_CONVERSION = YES;
				CLANG_WARN_OBJC_ROOT_CLASS = YES_ERROR;
				CLANG_WARN_RANGE_LOOP_ANALYSIS = YES;
				CLANG_WARN_STRICT_PROTOTYPES = YES;
				CLANG_WARN_SUSPICIOUS_MOVE = YES;
				CLANG_WARN_UNGUARDED_AVAILABILITY = YES_AGGRESSIVE;
				CLANG_WARN_UNREACHABLE_CODE = YES;
				CLANG_WARN__DUPLICATE_METHOD_MATCH = YES;
				CODE_SIGN_IDENTITY = "Mac Developer";
				COPY_PHASE_STRIP = NO;
				CURRENT_PROJECT_VERSION = 1;
				DEBUG_INFORMATION_FORMAT = "dwarf-with-dsym";
				ENABLE_NS_ASSERTIONS = NO;
				ENABLE_STRICT_OBJC_MSGSEND = YES;
				GCC_C_LANGUAGE_STANDARD = gnu11;
				GCC_NO_COMMON_BLOCKS = YES;
				GCC_WARN_64_TO_32_BIT_CONVERSION = YES;
				GCC_WARN_ABOUT_RETURN_TYPE = YES_ERROR;
				GCC_WARN_UNDECLARED_SELECTOR = YES;
				GCC_WARN_UNINITIALIZED_AUTOS = YES_AGGRESSIVE;
				GCC_WARN_UNUSED_FUNCTION = YES;
				GCC_WARN_UNUSED_VARIABLE = YES;
				MACOSX_DEPLOYMENT_TARGET = 10.14;
				MTL_ENABLE_DEBUG_INFO = NO;
				MTL_FAST_MATH = YES;
				SDKROOT = macosx;
				SWIFT_COMPILATION_MODE = wholemodule;
				SWIFT_OPTIMIZATION_LEVEL = "-O";
				VERSIONING_SYSTEM = "apple-generic";
				VERSION_INFO_PREFIX = "";
			};
			name = Release;
		};
		420229D12233B64400043999 /* Debug */ = {
			isa = XCBuildConfiguration;
			buildSettings = {
				CLANG_ENABLE_MODULES = YES;
				CODE_SIGN_IDENTITY = "Mac Developer";
				CODE_SIGN_STYLE = Manual;
				COMBINE_HIDPI_IMAGES = YES;
				DEFINES_MODULE = YES;
				DEVELOPMENT_TEAM = QW4597S5KD;
				DYLIB_COMPATIBILITY_VERSION = 1;
				DYLIB_CURRENT_VERSION = 1;
				DYLIB_INSTALL_NAME_BASE = "@rpath";
				FRAMEWORK_VERSION = A;
				HEADER_SEARCH_PATHS = "$(SRCROOT)/Vendor/Zstandard/Zstandard";
				INFOPLIST_FILE = PangaeaClient/Info.plist;
				INSTALL_PATH = "$(LOCAL_LIBRARY_DIR)/Frameworks";
				LD_RUNPATH_SEARCH_PATHS = (
					"$(inherited)",
					"@executable_path/../Frameworks",
					"@loader_path/Frameworks",
					"@rpath",
				);
				PRODUCT_BUNDLE_IDENTIFIER = org.palaeowiggles.PangaeaClient;
				PRODUCT_NAME = "$(TARGET_NAME:c99extidentifier)";
				PROVISIONING_PROFILE_SPECIFIER = "";
				SKIP_INSTALL = YES;
				SWIFT_OPTIMIZATION_LEVEL = "-Onone";
				SWIFT_VERSION = 5.0;
			};
			name = Debug;
		};
		420229D22233B64400043999 /* Release */ = {
			isa = XCBuildConfiguration;
			buildSettings = {
				CLANG_ENABLE_MODULES = YES;
				CODE_SIGN_IDENTITY = "Mac Developer";
				CODE_SIGN_STYLE = Manual;
				COMBINE_HIDPI_IMAGES = YES;
				DEFINES_MODULE = YES;
				DEVELOPMENT_TEAM = QW4597S5KD;
				DYLIB_COMPATIBILITY_VERSION = 1;
				DYLIB_CURRENT_VERSION = 1;
				DYLIB_INSTALL_NAME_BASE = "@rpath";
				FRAMEWORK_VERSION = A;
				HEADER_SEARCH_PATHS = "$(SRCROOT)/Vendor/Zstandard/Zstandard";
				INFOPLIST_FILE = PangaeaClient/Info.plist;
				INSTALL_PATH = "$(LOCAL_LIBRARY_DIR)/Frameworks";
				LD_RUNPATH_SEARCH_PATHS = (
					"$(inherited)",
					"@executable_path/../Frameworks",
					"@loader_path/Frameworks",
					"@rpath",
				);
				PRODUCT_BUNDLE_IDENTIFIER = org.palaeowiggles.PangaeaClient;
				PRODUCT_NAME = "$(TARGET_NAME:c99extidentifier)";
				PROVISIONING_PROFILE_SPECIFIER = "";
				SKIP_INSTALL = YES;
				SWIFT_VERSION = 5.0;
			};
			name = Release;
		};
		420229D42233B64400043999 /* Debug */ = {
			isa = XCBuildConfiguration;
			buildSettings = {
				ALWAYS_EMBED_SWIFT_STANDARD_LIBRARIES = YES;
				CODE_SIGN_STYLE = Automatic;
				COMBINE_HIDPI_IMAGES = YES;
				DEVELOPMENT_TEAM = QW4597S5KD;
				INFOPLIST_FILE = PangaeaClientTests/Info.plist;
				LD_RUNPATH_SEARCH_PATHS = (
					"$(inherited)",
					"@executable_path/../Frameworks",
					"@loader_path/../Frameworks",
				);
				PRODUCT_BUNDLE_IDENTIFIER = org.palaeowiggles.PangaeaClientTests;
				PRODUCT_NAME = "$(TARGET_NAME)";
				SWIFT_VERSION = 5.0;
			};
			name = Debug;
		};
		420229D52233B64400043999 /* Release */ = {
			isa = XCBuildConfiguration;
			buildSettings = {
				ALWAYS_EMBED_SWIFT_STANDARD_LIBRARIES = YES;
				CODE_SIGN_STYLE = Automatic;
				COMBINE_HIDPI_IMAGES = YES;
				DEVELOPMENT_TEAM = QW4597S5KD;
				INFOPLIST_FILE = PangaeaClientTests/Info.plist;
				LD_RUNPATH_SEARCH_PATHS = (
					"$(inherited)",
					"@executable_path/../Frameworks",
					"@loader_path/../Frameworks",
				);
				PRODUCT_BUNDLE_IDENTIFIER = org.palaeowiggles.PangaeaClientTests;
				PRODUCT_NAME = "$(TARGET_NAME)";
				SWIFT_VERSION = 5.0;
			};
			name = Release;
		};
		42D757342243A02A00A37BEE /* Debug */ = {
			isa = XCBuildConfiguration;
			buildSettings = {
				CLANG_LINK_OBJC_RUNTIME = NO;
				CODE_SIGN_STYLE = Automatic;
				DEVELOPMENT_TEAM = QW4597S5KD;
				EXECUTABLE_PREFIX = lib;
				MACOSX_DEPLOYMENT_TARGET = 10.13;
				PRODUCT_NAME = "$(TARGET_NAME)";
				SKIP_INSTALL = YES;
				SWIFT_VERSION = 5.0;
			};
			name = Debug;
		};
		42D757352243A02A00A37BEE /* Release */ = {
			isa = XCBuildConfiguration;
			buildSettings = {
				CLANG_LINK_OBJC_RUNTIME = NO;
				CODE_SIGN_STYLE = Automatic;
				DEVELOPMENT_TEAM = QW4597S5KD;
				EXECUTABLE_PREFIX = lib;
				MACOSX_DEPLOYMENT_TARGET = 10.13;
				PRODUCT_NAME = "$(TARGET_NAME)";
				SKIP_INSTALL = YES;
				SWIFT_VERSION = 5.0;
			};
			name = Release;
		};
		42E6C5F3223550FF00F0AF2B /* Debug */ = {
			isa = XCBuildConfiguration;
			buildSettings = {
				CODE_SIGN_STYLE = Automatic;
				CREATE_INFOPLIST_SECTION_IN_BINARY = YES;
				DEVELOPMENT_TEAM = QW4597S5KD;
				ENABLE_HARDENED_RUNTIME = NO;
				INFOPLIST_FILE = "$(SRCROOT)/PangaeaClientCLI/Info.plist";
				LD_RUNPATH_SEARCH_PATHS = (
					"@executable_path/Frameworks",
					"@loader_path/Frameworks",
					"@executable_path",
				);
				OTHER_LDFLAGS = (
					"-sectcreate",
					__TEXT,
					__info_plist,
					"$(INFOPLIST_FILE)",
				);
				PRODUCT_BUNDLE_IDENTIFIER = org.palaeowiggles.PangaeaClientCLI;
				PRODUCT_NAME = "$(TARGET_NAME)";
				SWIFT_FORCE_STATIC_LINK_STDLIB = NO;
				SWIFT_VERSION = 5.0;
			};
			name = Debug;
		};
		42E6C5F4223550FF00F0AF2B /* Release */ = {
			isa = XCBuildConfiguration;
			buildSettings = {
				CODE_SIGN_STYLE = Automatic;
				CREATE_INFOPLIST_SECTION_IN_BINARY = YES;
				DEVELOPMENT_TEAM = QW4597S5KD;
				ENABLE_HARDENED_RUNTIME = NO;
				INFOPLIST_FILE = "$(SRCROOT)/PangaeaClientCLI/Info.plist";
				LD_RUNPATH_SEARCH_PATHS = (
					"@executable_path/Frameworks",
					"@loader_path/Frameworks",
					"@executable_path",
				);
				OTHER_LDFLAGS = (
					"-sectcreate",
					__TEXT,
					__info_plist,
					"$(INFOPLIST_FILE)",
				);
				PRODUCT_BUNDLE_IDENTIFIER = org.palaeowiggles.PangaeaClientCLI;
				PRODUCT_NAME = "$(TARGET_NAME)";
				SWIFT_FORCE_STATIC_LINK_STDLIB = NO;
				SWIFT_VERSION = 5.0;
			};
			name = Release;
		};
/* End XCBuildConfiguration section */

/* Begin XCConfigurationList section */
		420229B62233B64300043999 /* Build configuration list for PBXProject "PangaeaClient" */ = {
			isa = XCConfigurationList;
			buildConfigurations = (
				420229CE2233B64400043999 /* Debug */,
				420229CF2233B64400043999 /* Release */,
			);
			defaultConfigurationIsVisible = 0;
			defaultConfigurationName = Release;
		};
		420229D02233B64400043999 /* Build configuration list for PBXNativeTarget "PangaeaClient" */ = {
			isa = XCConfigurationList;
			buildConfigurations = (
				420229D12233B64400043999 /* Debug */,
				420229D22233B64400043999 /* Release */,
			);
			defaultConfigurationIsVisible = 0;
			defaultConfigurationName = Release;
		};
		420229D32233B64400043999 /* Build configuration list for PBXNativeTarget "PangaeaClientTests" */ = {
			isa = XCConfigurationList;
			buildConfigurations = (
				420229D42233B64400043999 /* Debug */,
				420229D52233B64400043999 /* Release */,
			);
			defaultConfigurationIsVisible = 0;
			defaultConfigurationName = Release;
		};
		42D757332243A02A00A37BEE /* Build configuration list for PBXNativeTarget "PangaeaClientStatic" */ = {
			isa = XCConfigurationList;
			buildConfigurations = (
				42D757342243A02A00A37BEE /* Debug */,
				42D757352243A02A00A37BEE /* Release */,
			);
			defaultConfigurationIsVisible = 0;
			defaultConfigurationName = Release;
		};
		42E6C5FF223550FF00F0AF2B /* Build configuration list for PBXNativeTarget "PangaeaClientCLI" */ = {
			isa = XCConfigurationList;
			buildConfigurations = (
				42E6C5F3223550FF00F0AF2B /* Debug */,
				42E6C5F4223550FF00F0AF2B /* Release */,
			);
			defaultConfigurationIsVisible = 0;
			defaultConfigurationName = Release;
		};
/* End XCConfigurationList section */
	};
	rootObject = 420229B32233B64300043999 /* Project object */;
}
